// !$*UTF8*$!
{
	archiveVersion = 1;
	classes = {
	};
	objectVersion = 46;
	objects = {

/* Begin PBXBuildFile section */
		342584E31AACDB03004A3CFD /* AppDelegate.swift in Sources */ = {isa = PBXBuildFile; fileRef = 342584E21AACDB03004A3CFD /* AppDelegate.swift */; };
		342584E51AACDB03004A3CFD /* GameScene.sks in Resources */ = {isa = PBXBuildFile; fileRef = 342584E41AACDB03004A3CFD /* GameScene.sks */; };
		342584E71AACDB03004A3CFD /* GameScene.swift in Sources */ = {isa = PBXBuildFile; fileRef = 342584E61AACDB03004A3CFD /* GameScene.swift */; };
		342584E91AACDB03004A3CFD /* GameViewController.swift in Sources */ = {isa = PBXBuildFile; fileRef = 342584E81AACDB03004A3CFD /* GameViewController.swift */; };
		342584EC1AACDB03004A3CFD /* Main.storyboard in Resources */ = {isa = PBXBuildFile; fileRef = 342584EA1AACDB03004A3CFD /* Main.storyboard */; };
		342584EE1AACDB03004A3CFD /* Images.xcassets in Resources */ = {isa = PBXBuildFile; fileRef = 342584ED1AACDB03004A3CFD /* Images.xcassets */; };
		342584F11AACDB03004A3CFD /* LaunchScreen.xib in Resources */ = {isa = PBXBuildFile; fileRef = 342584EF1AACDB03004A3CFD /* LaunchScreen.xib */; };
		342584FD1AACDB03004A3CFD /* CattacTests.swift in Sources */ = {isa = PBXBuildFile; fileRef = 342584FC1AACDB03004A3CFD /* CattacTests.swift */; };
		3425850F1AACDE4F004A3CFD /* Queue.swift in Sources */ = {isa = PBXBuildFile; fileRef = 3425850E1AACDE4F004A3CFD /* Queue.swift */; };
		342585111AACDE61004A3CFD /* Stack.swift in Sources */ = {isa = PBXBuildFile; fileRef = 342585101AACDE61004A3CFD /* Stack.swift */; };
		342585151AACDECA004A3CFD /* QueueTests.swift in Sources */ = {isa = PBXBuildFile; fileRef = 342585141AACDECA004A3CFD /* QueueTests.swift */; };
		342585171AACDEDC004A3CFD /* StackTests.swift in Sources */ = {isa = PBXBuildFile; fileRef = 342585161AACDEDC004A3CFD /* StackTests.swift */; };
		342585191AACDEFF004A3CFD /* MusicPlayer.swift in Sources */ = {isa = PBXBuildFile; fileRef = 342585181AACDEFF004A3CFD /* MusicPlayer.swift */; };
		3425851B1AACDF11004A3CFD /* AVFoundation.framework in Frameworks */ = {isa = PBXBuildFile; fileRef = 3425851A1AACDF11004A3CFD /* AVFoundation.framework */; };
		3425851D1AACDF40004A3CFD /* SoundPlayer.swift in Sources */ = {isa = PBXBuildFile; fileRef = 3425851C1AACDF40004A3CFD /* SoundPlayer.swift */; };
		3425851F1AACDF61004A3CFD /* Node.swift in Sources */ = {isa = PBXBuildFile; fileRef = 3425851E1AACDF61004A3CFD /* Node.swift */; };
		342585211AACDF7A004A3CFD /* Edge.swift in Sources */ = {isa = PBXBuildFile; fileRef = 342585201AACDF7A004A3CFD /* Edge.swift */; };
		342585231AACDF91004A3CFD /* Graph.swift in Sources */ = {isa = PBXBuildFile; fileRef = 342585221AACDF91004A3CFD /* Graph.swift */; };
		342585291AACDFE3004A3CFD /* NodeTests.swift in Sources */ = {isa = PBXBuildFile; fileRef = 342585281AACDFE3004A3CFD /* NodeTests.swift */; };
		3425852B1AACDFEB004A3CFD /* EdgeTests.swift in Sources */ = {isa = PBXBuildFile; fileRef = 3425852A1AACDFEB004A3CFD /* EdgeTests.swift */; };
		3425852D1AACDFF2004A3CFD /* GraphTests.swift in Sources */ = {isa = PBXBuildFile; fileRef = 3425852C1AACDFF2004A3CFD /* GraphTests.swift */; };
		3425852E1AACE049004A3CFD /* Queue.swift in Sources */ = {isa = PBXBuildFile; fileRef = 3425850E1AACDE4F004A3CFD /* Queue.swift */; };
		3425852F1AACE049004A3CFD /* Stack.swift in Sources */ = {isa = PBXBuildFile; fileRef = 342585101AACDE61004A3CFD /* Stack.swift */; };
		342585301AACE049004A3CFD /* Node.swift in Sources */ = {isa = PBXBuildFile; fileRef = 3425851E1AACDF61004A3CFD /* Node.swift */; };
		342585311AACE049004A3CFD /* Edge.swift in Sources */ = {isa = PBXBuildFile; fileRef = 342585201AACDF7A004A3CFD /* Edge.swift */; };
		342585321AACE049004A3CFD /* Graph.swift in Sources */ = {isa = PBXBuildFile; fileRef = 342585221AACDF91004A3CFD /* Graph.swift */; };
		342585341AACE097004A3CFD /* GameEngine.swift in Sources */ = {isa = PBXBuildFile; fileRef = 342585331AACE097004A3CFD /* GameEngine.swift */; };
		342585371AACE0D8004A3CFD /* CatFactory.swift in Sources */ = {isa = PBXBuildFile; fileRef = 342585361AACE0D8004A3CFD /* CatFactory.swift */; };
		342585391AACE0E6004A3CFD /* DoodadFactory.swift in Sources */ = {isa = PBXBuildFile; fileRef = 342585381AACE0E6004A3CFD /* DoodadFactory.swift */; };
		3425853C1AACE159004A3CFD /* Constants.swift in Sources */ = {isa = PBXBuildFile; fileRef = 3425853B1AACE159004A3CFD /* Constants.swift */; };
		342585411AACE196004A3CFD /* Cat.swift in Sources */ = {isa = PBXBuildFile; fileRef = 342585401AACE196004A3CFD /* Cat.swift */; };
		342585451AACE22C004A3CFD /* Item.swift in Sources */ = {isa = PBXBuildFile; fileRef = 342585441AACE22C004A3CFD /* Item.swift */; };
		342585471AACE252004A3CFD /* Doodad.swift in Sources */ = {isa = PBXBuildFile; fileRef = 342585461AACE252004A3CFD /* Doodad.swift */; };
		3425854A1AACE27D004A3CFD /* BasicLevel.swift in Sources */ = {isa = PBXBuildFile; fileRef = 342585491AACE27D004A3CFD /* BasicLevel.swift */; };
		3425854C1AACE288004A3CFD /* MediumLevel.swift in Sources */ = {isa = PBXBuildFile; fileRef = 3425854B1AACE288004A3CFD /* MediumLevel.swift */; };
		3425854E1AACE291004A3CFD /* HardLevel.swift in Sources */ = {isa = PBXBuildFile; fileRef = 3425854D1AACE291004A3CFD /* HardLevel.swift */; };
		342585511AACE30F004A3CFD /* LevelGenerator.swift in Sources */ = {isa = PBXBuildFile; fileRef = 342585501AACE30F004A3CFD /* LevelGenerator.swift */; };
		342585531AACE392004A3CFD /* MenuViewController.swift in Sources */ = {isa = PBXBuildFile; fileRef = 342585521AACE392004A3CFD /* MenuViewController.swift */; };
		342585551AACE406004A3CFD /* ShopViewController.swift in Sources */ = {isa = PBXBuildFile; fileRef = 342585541AACE406004A3CFD /* ShopViewController.swift */; };
		3471CA551ACDA11400B0E68D /* ItemFactory.swift in Sources */ = {isa = PBXBuildFile; fileRef = 3471CA541ACDA11400B0E68D /* ItemFactory.swift */; };
		3471CA591ACDAE6500B0E68D /* libicucore.dylib in Frameworks */ = {isa = PBXBuildFile; fileRef = 3471CA581ACDAE6500B0E68D /* libicucore.dylib */; };
		3471CA5B1ACDAE7300B0E68D /* libc++.dylib in Frameworks */ = {isa = PBXBuildFile; fileRef = 3471CA5A1ACDAE7300B0E68D /* libc++.dylib */; };
		3471CA5D1ACDAE7D00B0E68D /* CFNetwork.framework in Frameworks */ = {isa = PBXBuildFile; fileRef = 3471CA5C1ACDAE7D00B0E68D /* CFNetwork.framework */; };
		3471CA5F1ACDAE8500B0E68D /* Security.framework in Frameworks */ = {isa = PBXBuildFile; fileRef = 3471CA5E1ACDAE8500B0E68D /* Security.framework */; };
		3471CA611ACDAE8F00B0E68D /* SystemConfiguration.framework in Frameworks */ = {isa = PBXBuildFile; fileRef = 3471CA601ACDAE8F00B0E68D /* SystemConfiguration.framework */; };
		3471CA681ACEA02300B0E68D /* GameDifficultyViewController.swift in Sources */ = {isa = PBXBuildFile; fileRef = 3471CA671ACEA02300B0E68D /* GameDifficultyViewController.swift */; };
		3471CA6A1ACEAB3800B0E68D /* Firebase.framework in Frameworks */ = {isa = PBXBuildFile; fileRef = 3471CA691ACEAB3800B0E68D /* Firebase.framework */; };
		34DFC1541ACEF5B400B9073C /* LoginViewController.swift in Sources */ = {isa = PBXBuildFile; fileRef = 3471CA651ACEA01500B0E68D /* LoginViewController.swift */; };
		761BB59E1AD04348007C31C1 /* Action.swift in Sources */ = {isa = PBXBuildFile; fileRef = 761BB59D1AD04348007C31C1 /* Action.swift */; };
		76FC46E11ABFE6190056B5F5 /* Grass.jpg in Resources */ = {isa = PBXBuildFile; fileRef = 76FC46DC1ABFE6190056B5F5 /* Grass.jpg */; };
		76FC46E21ABFE6190056B5F5 /* Grumpy.png in Resources */ = {isa = PBXBuildFile; fileRef = 76FC46DD1ABFE6190056B5F5 /* Grumpy.png */; };
		76FC46E31ABFE6190056B5F5 /* Nala.png in Resources */ = {isa = PBXBuildFile; fileRef = 76FC46DE1ABFE6190056B5F5 /* Nala.png */; };
		76FC46E41ABFE6190056B5F5 /* Nyan.png in Resources */ = {isa = PBXBuildFile; fileRef = 76FC46DF1ABFE6190056B5F5 /* Nyan.png */; };
		76FC46E51ABFE6190056B5F5 /* Pusheen.png in Resources */ = {isa = PBXBuildFile; fileRef = 76FC46E01ABFE6190056B5F5 /* Pusheen.png */; };
		76FC46EA1ABFEB4E0056B5F5 /* Grid.swift in Sources */ = {isa = PBXBuildFile; fileRef = 76FC46E91ABFEB4E0056B5F5 /* Grid.swift */; };
		BDA19AA31AC54D4500B7E9D4 /* TileNode.swift in Sources */ = {isa = PBXBuildFile; fileRef = BDA19AA21AC54D4500B7E9D4 /* TileNode.swift */; };
		BDA19AA61AC556D200B7E9D4 /* TileEntity.swift in Sources */ = {isa = PBXBuildFile; fileRef = BDA19AA51AC556D200B7E9D4 /* TileEntity.swift */; };
		BDA19AA71AC556D200B7E9D4 /* TileEntity.swift in Sources */ = {isa = PBXBuildFile; fileRef = BDA19AA51AC556D200B7E9D4 /* TileEntity.swift */; };
		BDA19AB41AD029FF00B7E9D4 /* GameLevel.swift in Sources */ = {isa = PBXBuildFile; fileRef = BDA19AB31AD029FF00B7E9D4 /* GameLevel.swift */; };
		BDA19AB61AD0330C00B7E9D4 /* TrampolineDoodad.swift in Sources */ = {isa = PBXBuildFile; fileRef = BDA19AB51AD0330C00B7E9D4 /* TrampolineDoodad.swift */; };
		BDA19AB81AD034BF00B7E9D4 /* LandMineDoodad.swift in Sources */ = {isa = PBXBuildFile; fileRef = BDA19AB71AD034BF00B7E9D4 /* LandMineDoodad.swift */; };
		BDA19ABA1AD0382900B7E9D4 /* StatModification.swift in Sources */ = {isa = PBXBuildFile; fileRef = BDA19AB91AD0382900B7E9D4 /* StatModification.swift */; };
		BDA19AC01AD0609200B7E9D4 /* WatchTowerDoodad.swift in Sources */ = {isa = PBXBuildFile; fileRef = BDA19ABF1AD0609200B7E9D4 /* WatchTowerDoodad.swift */; };
		BDA19AC21AD0675100B7E9D4 /* FortressDoodad.swift in Sources */ = {isa = PBXBuildFile; fileRef = BDA19AC11AD0675100B7E9D4 /* FortressDoodad.swift */; };
/* End PBXBuildFile section */

/* Begin PBXContainerItemProxy section */
		342584F71AACDB03004A3CFD /* PBXContainerItemProxy */ = {
			isa = PBXContainerItemProxy;
			containerPortal = 342584D51AACDB02004A3CFD /* Project object */;
			proxyType = 1;
			remoteGlobalIDString = 342584DC1AACDB02004A3CFD;
			remoteInfo = Cattac;
		};
/* End PBXContainerItemProxy section */

/* Begin PBXFileReference section */
		342584DD1AACDB02004A3CFD /* Cattac.app */ = {isa = PBXFileReference; explicitFileType = wrapper.application; includeInIndex = 0; path = Cattac.app; sourceTree = BUILT_PRODUCTS_DIR; };
		342584E11AACDB02004A3CFD /* Info.plist */ = {isa = PBXFileReference; lastKnownFileType = text.plist.xml; path = Info.plist; sourceTree = "<group>"; };
		342584E21AACDB03004A3CFD /* AppDelegate.swift */ = {isa = PBXFileReference; lastKnownFileType = sourcecode.swift; path = AppDelegate.swift; sourceTree = "<group>"; };
		342584E41AACDB03004A3CFD /* GameScene.sks */ = {isa = PBXFileReference; lastKnownFileType = file.sks; path = GameScene.sks; sourceTree = "<group>"; };
		342584E61AACDB03004A3CFD /* GameScene.swift */ = {isa = PBXFileReference; lastKnownFileType = sourcecode.swift; path = GameScene.swift; sourceTree = "<group>"; };
		342584E81AACDB03004A3CFD /* GameViewController.swift */ = {isa = PBXFileReference; lastKnownFileType = sourcecode.swift; path = GameViewController.swift; sourceTree = "<group>"; };
		342584EB1AACDB03004A3CFD /* Base */ = {isa = PBXFileReference; lastKnownFileType = file.storyboard; name = Base; path = Base.lproj/Main.storyboard; sourceTree = "<group>"; };
		342584ED1AACDB03004A3CFD /* Images.xcassets */ = {isa = PBXFileReference; lastKnownFileType = folder.assetcatalog; path = Images.xcassets; sourceTree = "<group>"; };
		342584F01AACDB03004A3CFD /* Base */ = {isa = PBXFileReference; lastKnownFileType = file.xib; name = Base; path = Base.lproj/LaunchScreen.xib; sourceTree = "<group>"; };
		342584F61AACDB03004A3CFD /* CattacTests.xctest */ = {isa = PBXFileReference; explicitFileType = wrapper.cfbundle; includeInIndex = 0; path = CattacTests.xctest; sourceTree = BUILT_PRODUCTS_DIR; };
		342584FB1AACDB03004A3CFD /* Info.plist */ = {isa = PBXFileReference; lastKnownFileType = text.plist.xml; path = Info.plist; sourceTree = "<group>"; };
		342584FC1AACDB03004A3CFD /* CattacTests.swift */ = {isa = PBXFileReference; lastKnownFileType = sourcecode.swift; path = CattacTests.swift; sourceTree = "<group>"; };
		3425850E1AACDE4F004A3CFD /* Queue.swift */ = {isa = PBXFileReference; fileEncoding = 4; lastKnownFileType = sourcecode.swift; path = Queue.swift; sourceTree = "<group>"; };
		342585101AACDE61004A3CFD /* Stack.swift */ = {isa = PBXFileReference; fileEncoding = 4; lastKnownFileType = sourcecode.swift; path = Stack.swift; sourceTree = "<group>"; };
		342585141AACDECA004A3CFD /* QueueTests.swift */ = {isa = PBXFileReference; fileEncoding = 4; lastKnownFileType = sourcecode.swift; path = QueueTests.swift; sourceTree = "<group>"; };
		342585161AACDEDC004A3CFD /* StackTests.swift */ = {isa = PBXFileReference; fileEncoding = 4; lastKnownFileType = sourcecode.swift; path = StackTests.swift; sourceTree = "<group>"; };
		342585181AACDEFF004A3CFD /* MusicPlayer.swift */ = {isa = PBXFileReference; fileEncoding = 4; lastKnownFileType = sourcecode.swift; path = MusicPlayer.swift; sourceTree = "<group>"; };
		3425851A1AACDF11004A3CFD /* AVFoundation.framework */ = {isa = PBXFileReference; lastKnownFileType = wrapper.framework; name = AVFoundation.framework; path = System/Library/Frameworks/AVFoundation.framework; sourceTree = SDKROOT; };
		3425851C1AACDF40004A3CFD /* SoundPlayer.swift */ = {isa = PBXFileReference; fileEncoding = 4; lastKnownFileType = sourcecode.swift; path = SoundPlayer.swift; sourceTree = "<group>"; };
		3425851E1AACDF61004A3CFD /* Node.swift */ = {isa = PBXFileReference; fileEncoding = 4; lastKnownFileType = sourcecode.swift; path = Node.swift; sourceTree = "<group>"; };
		342585201AACDF7A004A3CFD /* Edge.swift */ = {isa = PBXFileReference; fileEncoding = 4; lastKnownFileType = sourcecode.swift; path = Edge.swift; sourceTree = "<group>"; };
		342585221AACDF91004A3CFD /* Graph.swift */ = {isa = PBXFileReference; fileEncoding = 4; lastKnownFileType = sourcecode.swift; path = Graph.swift; sourceTree = "<group>"; };
		342585281AACDFE3004A3CFD /* NodeTests.swift */ = {isa = PBXFileReference; fileEncoding = 4; lastKnownFileType = sourcecode.swift; path = NodeTests.swift; sourceTree = "<group>"; };
		3425852A1AACDFEB004A3CFD /* EdgeTests.swift */ = {isa = PBXFileReference; fileEncoding = 4; lastKnownFileType = sourcecode.swift; path = EdgeTests.swift; sourceTree = "<group>"; };
		3425852C1AACDFF2004A3CFD /* GraphTests.swift */ = {isa = PBXFileReference; fileEncoding = 4; lastKnownFileType = sourcecode.swift; path = GraphTests.swift; sourceTree = "<group>"; };
		342585331AACE097004A3CFD /* GameEngine.swift */ = {isa = PBXFileReference; fileEncoding = 4; lastKnownFileType = sourcecode.swift; path = GameEngine.swift; sourceTree = "<group>"; };
		342585361AACE0D8004A3CFD /* CatFactory.swift */ = {isa = PBXFileReference; fileEncoding = 4; lastKnownFileType = sourcecode.swift; path = CatFactory.swift; sourceTree = "<group>"; };
		342585381AACE0E6004A3CFD /* DoodadFactory.swift */ = {isa = PBXFileReference; fileEncoding = 4; lastKnownFileType = sourcecode.swift; path = DoodadFactory.swift; sourceTree = "<group>"; };
		3425853B1AACE159004A3CFD /* Constants.swift */ = {isa = PBXFileReference; fileEncoding = 4; lastKnownFileType = sourcecode.swift; path = Constants.swift; sourceTree = "<group>"; };
		342585401AACE196004A3CFD /* Cat.swift */ = {isa = PBXFileReference; fileEncoding = 4; lastKnownFileType = sourcecode.swift; path = Cat.swift; sourceTree = "<group>"; };
		342585441AACE22C004A3CFD /* Item.swift */ = {isa = PBXFileReference; fileEncoding = 4; lastKnownFileType = sourcecode.swift; path = Item.swift; sourceTree = "<group>"; };
		342585461AACE252004A3CFD /* Doodad.swift */ = {isa = PBXFileReference; fileEncoding = 4; lastKnownFileType = sourcecode.swift; path = Doodad.swift; sourceTree = "<group>"; };
		342585491AACE27D004A3CFD /* BasicLevel.swift */ = {isa = PBXFileReference; fileEncoding = 4; lastKnownFileType = sourcecode.swift; path = BasicLevel.swift; sourceTree = "<group>"; };
		3425854B1AACE288004A3CFD /* MediumLevel.swift */ = {isa = PBXFileReference; fileEncoding = 4; lastKnownFileType = sourcecode.swift; path = MediumLevel.swift; sourceTree = "<group>"; };
		3425854D1AACE291004A3CFD /* HardLevel.swift */ = {isa = PBXFileReference; fileEncoding = 4; lastKnownFileType = sourcecode.swift; path = HardLevel.swift; sourceTree = "<group>"; };
		342585501AACE30F004A3CFD /* LevelGenerator.swift */ = {isa = PBXFileReference; fileEncoding = 4; lastKnownFileType = sourcecode.swift; path = LevelGenerator.swift; sourceTree = "<group>"; };
		342585521AACE392004A3CFD /* MenuViewController.swift */ = {isa = PBXFileReference; fileEncoding = 4; lastKnownFileType = sourcecode.swift; path = MenuViewController.swift; sourceTree = "<group>"; };
		342585541AACE406004A3CFD /* ShopViewController.swift */ = {isa = PBXFileReference; fileEncoding = 4; lastKnownFileType = sourcecode.swift; path = ShopViewController.swift; sourceTree = "<group>"; };
		3471CA541ACDA11400B0E68D /* ItemFactory.swift */ = {isa = PBXFileReference; fileEncoding = 4; lastKnownFileType = sourcecode.swift; path = ItemFactory.swift; sourceTree = "<group>"; };
		3471CA581ACDAE6500B0E68D /* libicucore.dylib */ = {isa = PBXFileReference; lastKnownFileType = "compiled.mach-o.dylib"; name = libicucore.dylib; path = usr/lib/libicucore.dylib; sourceTree = SDKROOT; };
		3471CA5A1ACDAE7300B0E68D /* libc++.dylib */ = {isa = PBXFileReference; lastKnownFileType = "compiled.mach-o.dylib"; name = "libc++.dylib"; path = "usr/lib/libc++.dylib"; sourceTree = SDKROOT; };
		3471CA5C1ACDAE7D00B0E68D /* CFNetwork.framework */ = {isa = PBXFileReference; lastKnownFileType = wrapper.framework; name = CFNetwork.framework; path = System/Library/Frameworks/CFNetwork.framework; sourceTree = SDKROOT; };
		3471CA5E1ACDAE8500B0E68D /* Security.framework */ = {isa = PBXFileReference; lastKnownFileType = wrapper.framework; name = Security.framework; path = System/Library/Frameworks/Security.framework; sourceTree = SDKROOT; };
		3471CA601ACDAE8F00B0E68D /* SystemConfiguration.framework */ = {isa = PBXFileReference; lastKnownFileType = wrapper.framework; name = SystemConfiguration.framework; path = System/Library/Frameworks/SystemConfiguration.framework; sourceTree = SDKROOT; };
		3471CA621ACDAEE400B0E68D /* Cattac-Bridging-Header.h */ = {isa = PBXFileReference; lastKnownFileType = sourcecode.c.h; path = "Cattac-Bridging-Header.h"; sourceTree = "<group>"; };
		3471CA651ACEA01500B0E68D /* LoginViewController.swift */ = {isa = PBXFileReference; fileEncoding = 4; lastKnownFileType = sourcecode.swift; path = LoginViewController.swift; sourceTree = "<group>"; };
		3471CA671ACEA02300B0E68D /* GameDifficultyViewController.swift */ = {isa = PBXFileReference; fileEncoding = 4; lastKnownFileType = sourcecode.swift; path = GameDifficultyViewController.swift; sourceTree = "<group>"; };
		3471CA691ACEAB3800B0E68D /* Firebase.framework */ = {isa = PBXFileReference; lastKnownFileType = wrapper.framework; path = Firebase.framework; sourceTree = "<group>"; };
		761BB59D1AD04348007C31C1 /* Action.swift */ = {isa = PBXFileReference; fileEncoding = 4; lastKnownFileType = sourcecode.swift; path = Action.swift; sourceTree = "<group>"; };
		76FC46DC1ABFE6190056B5F5 /* Grass.jpg */ = {isa = PBXFileReference; lastKnownFileType = image.jpeg; name = Grass.jpg; path = Images.xcassets/Grass.jpg; sourceTree = "<group>"; };
		76FC46DD1ABFE6190056B5F5 /* Grumpy.png */ = {isa = PBXFileReference; lastKnownFileType = image.png; name = Grumpy.png; path = Images.xcassets/Grumpy.png; sourceTree = "<group>"; };
		76FC46DE1ABFE6190056B5F5 /* Nala.png */ = {isa = PBXFileReference; lastKnownFileType = image.png; name = Nala.png; path = Images.xcassets/Nala.png; sourceTree = "<group>"; };
		76FC46DF1ABFE6190056B5F5 /* Nyan.png */ = {isa = PBXFileReference; lastKnownFileType = image.png; name = Nyan.png; path = Images.xcassets/Nyan.png; sourceTree = "<group>"; };
		76FC46E01ABFE6190056B5F5 /* Pusheen.png */ = {isa = PBXFileReference; lastKnownFileType = image.png; name = Pusheen.png; path = Images.xcassets/Pusheen.png; sourceTree = "<group>"; };
		76FC46E91ABFEB4E0056B5F5 /* Grid.swift */ = {isa = PBXFileReference; fileEncoding = 4; lastKnownFileType = sourcecode.swift; path = Grid.swift; sourceTree = "<group>"; };
		BDA19AA21AC54D4500B7E9D4 /* TileNode.swift */ = {isa = PBXFileReference; fileEncoding = 4; lastKnownFileType = sourcecode.swift; path = TileNode.swift; sourceTree = "<group>"; };
		BDA19AA51AC556D200B7E9D4 /* TileEntity.swift */ = {isa = PBXFileReference; fileEncoding = 4; lastKnownFileType = sourcecode.swift; path = TileEntity.swift; sourceTree = "<group>"; };
		BDA19AB31AD029FF00B7E9D4 /* GameLevel.swift */ = {isa = PBXFileReference; fileEncoding = 4; lastKnownFileType = sourcecode.swift; path = GameLevel.swift; sourceTree = "<group>"; };
		BDA19AB51AD0330C00B7E9D4 /* TrampolineDoodad.swift */ = {isa = PBXFileReference; fileEncoding = 4; lastKnownFileType = sourcecode.swift; path = TrampolineDoodad.swift; sourceTree = "<group>"; };
		BDA19AB71AD034BF00B7E9D4 /* LandMineDoodad.swift */ = {isa = PBXFileReference; fileEncoding = 4; lastKnownFileType = sourcecode.swift; path = LandMineDoodad.swift; sourceTree = "<group>"; };
		BDA19AB91AD0382900B7E9D4 /* StatModification.swift */ = {isa = PBXFileReference; fileEncoding = 4; lastKnownFileType = sourcecode.swift; path = StatModification.swift; sourceTree = "<group>"; };
		BDA19ABF1AD0609200B7E9D4 /* WatchTowerDoodad.swift */ = {isa = PBXFileReference; fileEncoding = 4; lastKnownFileType = sourcecode.swift; path = WatchTowerDoodad.swift; sourceTree = "<group>"; };
		BDA19AC11AD0675100B7E9D4 /* FortressDoodad.swift */ = {isa = PBXFileReference; fileEncoding = 4; lastKnownFileType = sourcecode.swift; path = FortressDoodad.swift; sourceTree = "<group>"; };
/* End PBXFileReference section */

/* Begin PBXFrameworksBuildPhase section */
		342584DA1AACDB02004A3CFD /* Frameworks */ = {
			isa = PBXFrameworksBuildPhase;
			buildActionMask = 2147483647;
			files = (
				3471CA611ACDAE8F00B0E68D /* SystemConfiguration.framework in Frameworks */,
				3471CA5F1ACDAE8500B0E68D /* Security.framework in Frameworks */,
				3471CA5D1ACDAE7D00B0E68D /* CFNetwork.framework in Frameworks */,
				3471CA6A1ACEAB3800B0E68D /* Firebase.framework in Frameworks */,
				3471CA5B1ACDAE7300B0E68D /* libc++.dylib in Frameworks */,
				3471CA591ACDAE6500B0E68D /* libicucore.dylib in Frameworks */,
				3425851B1AACDF11004A3CFD /* AVFoundation.framework in Frameworks */,
			);
			runOnlyForDeploymentPostprocessing = 0;
		};
		342584F31AACDB03004A3CFD /* Frameworks */ = {
			isa = PBXFrameworksBuildPhase;
			buildActionMask = 2147483647;
			files = (
			);
			runOnlyForDeploymentPostprocessing = 0;
		};
/* End PBXFrameworksBuildPhase section */

/* Begin PBXGroup section */
		342584D41AACDB02004A3CFD = {
			isa = PBXGroup;
			children = (
				3471CA601ACDAE8F00B0E68D /* SystemConfiguration.framework */,
				3471CA5E1ACDAE8500B0E68D /* Security.framework */,
				3471CA5C1ACDAE7D00B0E68D /* CFNetwork.framework */,
				3471CA5A1ACDAE7300B0E68D /* libc++.dylib */,
				3471CA691ACEAB3800B0E68D /* Firebase.framework */,
				3471CA581ACDAE6500B0E68D /* libicucore.dylib */,
				3425851A1AACDF11004A3CFD /* AVFoundation.framework */,
				342584DF1AACDB02004A3CFD /* Cattac */,
				342584F91AACDB03004A3CFD /* CattacTests */,
				342584DE1AACDB02004A3CFD /* Products */,
			);
			sourceTree = "<group>";
		};
		342584DE1AACDB02004A3CFD /* Products */ = {
			isa = PBXGroup;
			children = (
				342584DD1AACDB02004A3CFD /* Cattac.app */,
				342584F61AACDB03004A3CFD /* CattacTests.xctest */,
			);
			name = Products;
			sourceTree = "<group>";
		};
		342584DF1AACDB02004A3CFD /* Cattac */ = {
			isa = PBXGroup;
			children = (
				342585081AACDC41004A3CFD /* DataStructures */,
				342585091AACDC66004A3CFD /* Graph */,
				76FC46E61ABFE62E0056B5F5 /* Images */,
				3425850B1AACDCD1004A3CFD /* MusicFiles */,
				3425850D1AACDD5E004A3CFD /* MusicPlayer */,
				3425850A1AACDCBA004A3CFD /* SoundFiles */,
				3425850C1AACDD46004A3CFD /* SoundPlayer */,
				342585351AACE0C6004A3CFD /* Factories */,
				3425853A1AACE146004A3CFD /* Constants */,
				342585481AACE26A004A3CFD /* Level */,
				3425854F1AACE2F8004A3CFD /* LevelGenerator */,
				761BB59C1AD04218007C31C1 /* Actions */,
				342585121AACDE7B004A3CFD /* GameEngine */,
				3425853D1AACE176004A3CFD /* GameObjects */,
				342585071AACDC23004A3CFD /* Scenes */,
				342585061AACDB82004A3CFD /* Controllers */,
				342584ED1AACDB03004A3CFD /* Images.xcassets */,
				342584EA1AACDB03004A3CFD /* Main.storyboard */,
				342584EF1AACDB03004A3CFD /* LaunchScreen.xib */,
				342584E21AACDB03004A3CFD /* AppDelegate.swift */,
				3471CA621ACDAEE400B0E68D /* Cattac-Bridging-Header.h */,
				342584E01AACDB02004A3CFD /* Supporting Files */,
			);
			path = Cattac;
			sourceTree = "<group>";
		};
		342584E01AACDB02004A3CFD /* Supporting Files */ = {
			isa = PBXGroup;
			children = (
				342584E11AACDB02004A3CFD /* Info.plist */,
			);
			name = "Supporting Files";
			sourceTree = "<group>";
		};
		342584F91AACDB03004A3CFD /* CattacTests */ = {
			isa = PBXGroup;
			children = (
				342585131AACDEB3004A3CFD /* DataStructures */,
				342585241AACDFAE004A3CFD /* Graph */,
				342584FC1AACDB03004A3CFD /* CattacTests.swift */,
				342584FA1AACDB03004A3CFD /* Supporting Files */,
			);
			path = CattacTests;
			sourceTree = "<group>";
		};
		342584FA1AACDB03004A3CFD /* Supporting Files */ = {
			isa = PBXGroup;
			children = (
				342584FB1AACDB03004A3CFD /* Info.plist */,
			);
			name = "Supporting Files";
			sourceTree = "<group>";
		};
		342585061AACDB82004A3CFD /* Controllers */ = {
			isa = PBXGroup;
			children = (
				342584E81AACDB03004A3CFD /* GameViewController.swift */,
				342585521AACE392004A3CFD /* MenuViewController.swift */,
				342585541AACE406004A3CFD /* ShopViewController.swift */,
				3471CA651ACEA01500B0E68D /* LoginViewController.swift */,
				3471CA671ACEA02300B0E68D /* GameDifficultyViewController.swift */,
			);
			name = Controllers;
			sourceTree = "<group>";
		};
		342585071AACDC23004A3CFD /* Scenes */ = {
			isa = PBXGroup;
			children = (
				342584E41AACDB03004A3CFD /* GameScene.sks */,
				342584E61AACDB03004A3CFD /* GameScene.swift */,
			);
			name = Scenes;
			sourceTree = "<group>";
		};
		342585081AACDC41004A3CFD /* DataStructures */ = {
			isa = PBXGroup;
			children = (
				3425850E1AACDE4F004A3CFD /* Queue.swift */,
				342585101AACDE61004A3CFD /* Stack.swift */,
			);
			name = DataStructures;
			sourceTree = "<group>";
		};
		342585091AACDC66004A3CFD /* Graph */ = {
			isa = PBXGroup;
			children = (
				3425851E1AACDF61004A3CFD /* Node.swift */,
				342585201AACDF7A004A3CFD /* Edge.swift */,
				342585221AACDF91004A3CFD /* Graph.swift */,
				76FC46E91ABFEB4E0056B5F5 /* Grid.swift */,
			);
			name = Graph;
			sourceTree = "<group>";
		};
		3425850A1AACDCBA004A3CFD /* SoundFiles */ = {
			isa = PBXGroup;
			children = (
			);
			name = SoundFiles;
			sourceTree = "<group>";
		};
		3425850B1AACDCD1004A3CFD /* MusicFiles */ = {
			isa = PBXGroup;
			children = (
			);
			name = MusicFiles;
			sourceTree = "<group>";
		};
		3425850C1AACDD46004A3CFD /* SoundPlayer */ = {
			isa = PBXGroup;
			children = (
				3425851C1AACDF40004A3CFD /* SoundPlayer.swift */,
			);
			name = SoundPlayer;
			sourceTree = "<group>";
		};
		3425850D1AACDD5E004A3CFD /* MusicPlayer */ = {
			isa = PBXGroup;
			children = (
				342585181AACDEFF004A3CFD /* MusicPlayer.swift */,
			);
			name = MusicPlayer;
			sourceTree = "<group>";
		};
		342585121AACDE7B004A3CFD /* GameEngine */ = {
			isa = PBXGroup;
			children = (
				342585331AACE097004A3CFD /* GameEngine.swift */,
			);
			name = GameEngine;
			sourceTree = "<group>";
		};
		342585131AACDEB3004A3CFD /* DataStructures */ = {
			isa = PBXGroup;
			children = (
				342585141AACDECA004A3CFD /* QueueTests.swift */,
				342585161AACDEDC004A3CFD /* StackTests.swift */,
			);
			name = DataStructures;
			sourceTree = "<group>";
		};
		342585241AACDFAE004A3CFD /* Graph */ = {
			isa = PBXGroup;
			children = (
				342585281AACDFE3004A3CFD /* NodeTests.swift */,
				3425852A1AACDFEB004A3CFD /* EdgeTests.swift */,
				3425852C1AACDFF2004A3CFD /* GraphTests.swift */,
			);
			name = Graph;
			sourceTree = "<group>";
		};
		342585351AACE0C6004A3CFD /* Factories */ = {
			isa = PBXGroup;
			children = (
				342585361AACE0D8004A3CFD /* CatFactory.swift */,
				342585381AACE0E6004A3CFD /* DoodadFactory.swift */,
				3471CA541ACDA11400B0E68D /* ItemFactory.swift */,
			);
			name = Factories;
			sourceTree = "<group>";
		};
		3425853A1AACE146004A3CFD /* Constants */ = {
			isa = PBXGroup;
			children = (
				3425853B1AACE159004A3CFD /* Constants.swift */,
			);
			name = Constants;
			sourceTree = "<group>";
		};
		3425853D1AACE176004A3CFD /* GameObjects */ = {
			isa = PBXGroup;
			children = (
				BDA19ABE1AD05F8200B7E9D4 /* Doodads */,
				342585401AACE196004A3CFD /* Cat.swift */,
				BDA19AA51AC556D200B7E9D4 /* TileEntity.swift */,
				BDA19AB91AD0382900B7E9D4 /* StatModification.swift */,
				BDA19AA21AC54D4500B7E9D4 /* TileNode.swift */,
				342585441AACE22C004A3CFD /* Item.swift */,
			);
			name = GameObjects;
			sourceTree = "<group>";
		};
		342585481AACE26A004A3CFD /* Level */ = {
			isa = PBXGroup;
			children = (
				342585491AACE27D004A3CFD /* BasicLevel.swift */,
				BDA19AB31AD029FF00B7E9D4 /* GameLevel.swift */,
				3425854B1AACE288004A3CFD /* MediumLevel.swift */,
				3425854D1AACE291004A3CFD /* HardLevel.swift */,
			);
			name = Level;
			sourceTree = "<group>";
		};
		3425854F1AACE2F8004A3CFD /* LevelGenerator */ = {
			isa = PBXGroup;
			children = (
				342585501AACE30F004A3CFD /* LevelGenerator.swift */,
			);
			name = LevelGenerator;
			sourceTree = "<group>";
		};
		3471CA6B1ACEB7B900B0E68D /* Cats */ = {
			isa = PBXGroup;
			children = (
				76FC46DD1ABFE6190056B5F5 /* Grumpy.png */,
				76FC46DE1ABFE6190056B5F5 /* Nala.png */,
				76FC46DF1ABFE6190056B5F5 /* Nyan.png */,
				76FC46E01ABFE6190056B5F5 /* Pusheen.png */,
			);
			name = Cats;
			sourceTree = "<group>";
		};
		3471CA6C1ACEB7C400B0E68D /* Arena */ = {
			isa = PBXGroup;
			children = (
				76FC46DC1ABFE6190056B5F5 /* Grass.jpg */,
			);
			name = Arena;
			sourceTree = "<group>";
		};
		3471CA6D1ACEB7D300B0E68D /* Doodads */ = {
			isa = PBXGroup;
			children = (
			);
			name = Doodads;
			sourceTree = "<group>";
		};
		3471CA6E1ACEB7E900B0E68D /* Others */ = {
			isa = PBXGroup;
			children = (
			);
			name = Others;
			sourceTree = "<group>";
		};
		761BB59C1AD04218007C31C1 /* Actions */ = {
			isa = PBXGroup;
			children = (
				761BB59D1AD04348007C31C1 /* Action.swift */,
			);
			name = Actions;
			sourceTree = "<group>";
		};
		76FC46E61ABFE62E0056B5F5 /* Images */ = {
			isa = PBXGroup;
			children = (
				3471CA6C1ACEB7C400B0E68D /* Arena */,
				3471CA6B1ACEB7B900B0E68D /* Cats */,
				3471CA6D1ACEB7D300B0E68D /* Doodads */,
				3471CA6E1ACEB7E900B0E68D /* Others */,
			);
			name = Images;
			sourceTree = "<group>";
		};
		BDA19ABE1AD05F8200B7E9D4 /* Doodads */ = {
			isa = PBXGroup;
			children = (
				BDA19AB71AD034BF00B7E9D4 /* LandMineDoodad.swift */,
				BDA19AC11AD0675100B7E9D4 /* FortressDoodad.swift */,
				BDA19AB51AD0330C00B7E9D4 /* TrampolineDoodad.swift */,
				BDA19ABF1AD0609200B7E9D4 /* WatchTowerDoodad.swift */,
				342585461AACE252004A3CFD /* Doodad.swift */,
			);
			name = Doodads;
			sourceTree = "<group>";
		};
/* End PBXGroup section */

/* Begin PBXNativeTarget section */
		342584DC1AACDB02004A3CFD /* Cattac */ = {
			isa = PBXNativeTarget;
			buildConfigurationList = 342585001AACDB03004A3CFD /* Build configuration list for PBXNativeTarget "Cattac" */;
			buildPhases = (
				342584D91AACDB02004A3CFD /* Sources */,
				342584DA1AACDB02004A3CFD /* Frameworks */,
				342584DB1AACDB02004A3CFD /* Resources */,
			);
			buildRules = (
			);
			dependencies = (
			);
			name = Cattac;
			productName = Cattac;
			productReference = 342584DD1AACDB02004A3CFD /* Cattac.app */;
			productType = "com.apple.product-type.application";
		};
		342584F51AACDB03004A3CFD /* CattacTests */ = {
			isa = PBXNativeTarget;
			buildConfigurationList = 342585031AACDB03004A3CFD /* Build configuration list for PBXNativeTarget "CattacTests" */;
			buildPhases = (
				342584F21AACDB03004A3CFD /* Sources */,
				342584F31AACDB03004A3CFD /* Frameworks */,
				342584F41AACDB03004A3CFD /* Resources */,
			);
			buildRules = (
			);
			dependencies = (
				342584F81AACDB03004A3CFD /* PBXTargetDependency */,
			);
			name = CattacTests;
			productName = CattacTests;
			productReference = 342584F61AACDB03004A3CFD /* CattacTests.xctest */;
			productType = "com.apple.product-type.bundle.unit-test";
		};
/* End PBXNativeTarget section */

/* Begin PBXProject section */
		342584D51AACDB02004A3CFD /* Project object */ = {
			isa = PBXProject;
			attributes = {
				LastUpgradeCheck = 0610;
				ORGANIZATIONNAME = "National University of Singapore (Department of Computer Science)";
				TargetAttributes = {
					342584DC1AACDB02004A3CFD = {
						CreatedOnToolsVersion = 6.1.1;
					};
					342584F51AACDB03004A3CFD = {
						CreatedOnToolsVersion = 6.1.1;
						TestTargetID = 342584DC1AACDB02004A3CFD;
					};
				};
			};
			buildConfigurationList = 342584D81AACDB02004A3CFD /* Build configuration list for PBXProject "Cattac" */;
			compatibilityVersion = "Xcode 3.2";
			developmentRegion = English;
			hasScannedForEncodings = 0;
			knownRegions = (
				en,
				Base,
			);
			mainGroup = 342584D41AACDB02004A3CFD;
			productRefGroup = 342584DE1AACDB02004A3CFD /* Products */;
			projectDirPath = "";
			projectRoot = "";
			targets = (
				342584DC1AACDB02004A3CFD /* Cattac */,
				342584F51AACDB03004A3CFD /* CattacTests */,
			);
		};
/* End PBXProject section */

/* Begin PBXResourcesBuildPhase section */
		342584DB1AACDB02004A3CFD /* Resources */ = {
			isa = PBXResourcesBuildPhase;
			buildActionMask = 2147483647;
			files = (
				76FC46E51ABFE6190056B5F5 /* Pusheen.png in Resources */,
				342584F11AACDB03004A3CFD /* LaunchScreen.xib in Resources */,
				76FC46E41ABFE6190056B5F5 /* Nyan.png in Resources */,
				342584EE1AACDB03004A3CFD /* Images.xcassets in Resources */,
				76FC46E31ABFE6190056B5F5 /* Nala.png in Resources */,
				342584E51AACDB03004A3CFD /* GameScene.sks in Resources */,
				342584EC1AACDB03004A3CFD /* Main.storyboard in Resources */,
				76FC46E11ABFE6190056B5F5 /* Grass.jpg in Resources */,
				76FC46E21ABFE6190056B5F5 /* Grumpy.png in Resources */,
			);
			runOnlyForDeploymentPostprocessing = 0;
		};
		342584F41AACDB03004A3CFD /* Resources */ = {
			isa = PBXResourcesBuildPhase;
			buildActionMask = 2147483647;
			files = (
			);
			runOnlyForDeploymentPostprocessing = 0;
		};
/* End PBXResourcesBuildPhase section */

/* Begin PBXSourcesBuildPhase section */
		342584D91AACDB02004A3CFD /* Sources */ = {
			isa = PBXSourcesBuildPhase;
			buildActionMask = 2147483647;
			files = (
				342585391AACE0E6004A3CFD /* DoodadFactory.swift in Sources */,
				3471CA681ACEA02300B0E68D /* GameDifficultyViewController.swift in Sources */,
				BDA19AB81AD034BF00B7E9D4 /* LandMineDoodad.swift in Sources */,
				3425854E1AACE291004A3CFD /* HardLevel.swift in Sources */,
				342584E71AACDB03004A3CFD /* GameScene.swift in Sources */,
				761BB59E1AD04348007C31C1 /* Action.swift in Sources */,
				342585451AACE22C004A3CFD /* Item.swift in Sources */,
				BDA19AC01AD0609200B7E9D4 /* WatchTowerDoodad.swift in Sources */,
				34DFC1541ACEF5B400B9073C /* LoginViewController.swift in Sources */,
				3425854A1AACE27D004A3CFD /* BasicLevel.swift in Sources */,
				342585411AACE196004A3CFD /* Cat.swift in Sources */,
				3425851D1AACDF40004A3CFD /* SoundPlayer.swift in Sources */,
				BDA19AA31AC54D4500B7E9D4 /* TileNode.swift in Sources */,
				342585511AACE30F004A3CFD /* LevelGenerator.swift in Sources */,
				BDA19AB41AD029FF00B7E9D4 /* GameLevel.swift in Sources */,
				BDA19AB61AD0330C00B7E9D4 /* TrampolineDoodad.swift in Sources */,
				342585111AACDE61004A3CFD /* Stack.swift in Sources */,
				3425851F1AACDF61004A3CFD /* Node.swift in Sources */,
				BDA19AC21AD0675100B7E9D4 /* FortressDoodad.swift in Sources */,
				342585231AACDF91004A3CFD /* Graph.swift in Sources */,
				3471CA551ACDA11400B0E68D /* ItemFactory.swift in Sources */,
				342585191AACDEFF004A3CFD /* MusicPlayer.swift in Sources */,
				342585341AACE097004A3CFD /* GameEngine.swift in Sources */,
				76FC46EA1ABFEB4E0056B5F5 /* Grid.swift in Sources */,
				342584E91AACDB03004A3CFD /* GameViewController.swift in Sources */,
				342584E31AACDB03004A3CFD /* AppDelegate.swift in Sources */,
				342585531AACE392004A3CFD /* MenuViewController.swift in Sources */,
				3425850F1AACDE4F004A3CFD /* Queue.swift in Sources */,
				3425853C1AACE159004A3CFD /* Constants.swift in Sources */,
				342585471AACE252004A3CFD /* Doodad.swift in Sources */,
				342585211AACDF7A004A3CFD /* Edge.swift in Sources */,
				3425854C1AACE288004A3CFD /* MediumLevel.swift in Sources */,
				BDA19AA61AC556D200B7E9D4 /* TileEntity.swift in Sources */,
				342585551AACE406004A3CFD /* ShopViewController.swift in Sources */,
				342585371AACE0D8004A3CFD /* CatFactory.swift in Sources */,
				BDA19ABA1AD0382900B7E9D4 /* StatModification.swift in Sources */,
			);
			runOnlyForDeploymentPostprocessing = 0;
		};
		342584F21AACDB03004A3CFD /* Sources */ = {
			isa = PBXSourcesBuildPhase;
			buildActionMask = 2147483647;
			files = (
				3425852E1AACE049004A3CFD /* Queue.swift in Sources */,
				3425852F1AACE049004A3CFD /* Stack.swift in Sources */,
				342585301AACE049004A3CFD /* Node.swift in Sources */,
				342585311AACE049004A3CFD /* Edge.swift in Sources */,
				342585321AACE049004A3CFD /* Graph.swift in Sources */,
				342584FD1AACDB03004A3CFD /* CattacTests.swift in Sources */,
				342585151AACDECA004A3CFD /* QueueTests.swift in Sources */,
				342585171AACDEDC004A3CFD /* StackTests.swift in Sources */,
				342585291AACDFE3004A3CFD /* NodeTests.swift in Sources */,
				BDA19AA71AC556D200B7E9D4 /* TileEntity.swift in Sources */,
				3425852D1AACDFF2004A3CFD /* GraphTests.swift in Sources */,
				3425852B1AACDFEB004A3CFD /* EdgeTests.swift in Sources */,
			);
			runOnlyForDeploymentPostprocessing = 0;
		};
/* End PBXSourcesBuildPhase section */

/* Begin PBXTargetDependency section */
		342584F81AACDB03004A3CFD /* PBXTargetDependency */ = {
			isa = PBXTargetDependency;
			target = 342584DC1AACDB02004A3CFD /* Cattac */;
			targetProxy = 342584F71AACDB03004A3CFD /* PBXContainerItemProxy */;
		};
/* End PBXTargetDependency section */

/* Begin PBXVariantGroup section */
		342584EA1AACDB03004A3CFD /* Main.storyboard */ = {
			isa = PBXVariantGroup;
			children = (
				342584EB1AACDB03004A3CFD /* Base */,
			);
			name = Main.storyboard;
			sourceTree = "<group>";
		};
		342584EF1AACDB03004A3CFD /* LaunchScreen.xib */ = {
			isa = PBXVariantGroup;
			children = (
				342584F01AACDB03004A3CFD /* Base */,
			);
			name = LaunchScreen.xib;
			sourceTree = "<group>";
		};
/* End PBXVariantGroup section */

/* Begin XCBuildConfiguration section */
		342584FE1AACDB03004A3CFD /* Debug */ = {
			isa = XCBuildConfiguration;
			buildSettings = {
				ALWAYS_SEARCH_USER_PATHS = NO;
				CLANG_CXX_LANGUAGE_STANDARD = "gnu++0x";
				CLANG_CXX_LIBRARY = "libc++";
				CLANG_ENABLE_MODULES = YES;
				CLANG_ENABLE_OBJC_ARC = YES;
				CLANG_WARN_BOOL_CONVERSION = YES;
				CLANG_WARN_CONSTANT_CONVERSION = YES;
				CLANG_WARN_DIRECT_OBJC_ISA_USAGE = YES_ERROR;
				CLANG_WARN_EMPTY_BODY = YES;
				CLANG_WARN_ENUM_CONVERSION = YES;
				CLANG_WARN_INT_CONVERSION = YES;
				CLANG_WARN_OBJC_ROOT_CLASS = YES_ERROR;
				CLANG_WARN_UNREACHABLE_CODE = YES;
				CLANG_WARN__DUPLICATE_METHOD_MATCH = YES;
				"CODE_SIGN_IDENTITY[sdk=iphoneos*]" = "iPhone Developer";
				COPY_PHASE_STRIP = NO;
				ENABLE_STRICT_OBJC_MSGSEND = YES;
				GCC_C_LANGUAGE_STANDARD = gnu99;
				GCC_DYNAMIC_NO_PIC = NO;
				GCC_OPTIMIZATION_LEVEL = 0;
				GCC_PREPROCESSOR_DEFINITIONS = (
					"DEBUG=1",
					"$(inherited)",
				);
				GCC_SYMBOLS_PRIVATE_EXTERN = NO;
				GCC_WARN_64_TO_32_BIT_CONVERSION = YES;
				GCC_WARN_ABOUT_RETURN_TYPE = YES_ERROR;
				GCC_WARN_UNDECLARED_SELECTOR = YES;
				GCC_WARN_UNINITIALIZED_AUTOS = YES_AGGRESSIVE;
				GCC_WARN_UNUSED_FUNCTION = YES;
				GCC_WARN_UNUSED_VARIABLE = YES;
				IPHONEOS_DEPLOYMENT_TARGET = 8.1;
				MTL_ENABLE_DEBUG_INFO = YES;
				ONLY_ACTIVE_ARCH = YES;
				SDKROOT = iphoneos;
				SWIFT_OPTIMIZATION_LEVEL = "-Onone";
				TARGETED_DEVICE_FAMILY = "1,2";
			};
			name = Debug;
		};
		342584FF1AACDB03004A3CFD /* Release */ = {
			isa = XCBuildConfiguration;
			buildSettings = {
				ALWAYS_SEARCH_USER_PATHS = NO;
				CLANG_CXX_LANGUAGE_STANDARD = "gnu++0x";
				CLANG_CXX_LIBRARY = "libc++";
				CLANG_ENABLE_MODULES = YES;
				CLANG_ENABLE_OBJC_ARC = YES;
				CLANG_WARN_BOOL_CONVERSION = YES;
				CLANG_WARN_CONSTANT_CONVERSION = YES;
				CLANG_WARN_DIRECT_OBJC_ISA_USAGE = YES_ERROR;
				CLANG_WARN_EMPTY_BODY = YES;
				CLANG_WARN_ENUM_CONVERSION = YES;
				CLANG_WARN_INT_CONVERSION = YES;
				CLANG_WARN_OBJC_ROOT_CLASS = YES_ERROR;
				CLANG_WARN_UNREACHABLE_CODE = YES;
				CLANG_WARN__DUPLICATE_METHOD_MATCH = YES;
				"CODE_SIGN_IDENTITY[sdk=iphoneos*]" = "iPhone Developer";
				COPY_PHASE_STRIP = YES;
				ENABLE_NS_ASSERTIONS = NO;
				ENABLE_STRICT_OBJC_MSGSEND = YES;
				GCC_C_LANGUAGE_STANDARD = gnu99;
				GCC_WARN_64_TO_32_BIT_CONVERSION = YES;
				GCC_WARN_ABOUT_RETURN_TYPE = YES_ERROR;
				GCC_WARN_UNDECLARED_SELECTOR = YES;
				GCC_WARN_UNINITIALIZED_AUTOS = YES_AGGRESSIVE;
				GCC_WARN_UNUSED_FUNCTION = YES;
				GCC_WARN_UNUSED_VARIABLE = YES;
				IPHONEOS_DEPLOYMENT_TARGET = 8.1;
				MTL_ENABLE_DEBUG_INFO = NO;
				SDKROOT = iphoneos;
				TARGETED_DEVICE_FAMILY = "1,2";
				VALIDATE_PRODUCT = YES;
			};
			name = Release;
		};
		342585011AACDB03004A3CFD /* Debug */ = {
			isa = XCBuildConfiguration;
			buildSettings = {
				ASSETCATALOG_COMPILER_APPICON_NAME = AppIcon;
				CLANG_ENABLE_MODULES = YES;
				FRAMEWORK_SEARCH_PATHS = (
					"$(inherited)",
					/Users/yapjunhao/Downloads,
					"$(PROJECT_DIR)",
				);
				INFOPLIST_FILE = Cattac/Info.plist;
				LD_RUNPATH_SEARCH_PATHS = "$(inherited) @executable_path/Frameworks";
				OTHER_LDFLAGS = "-ObjC";
				PRODUCT_NAME = "$(TARGET_NAME)";
				SWIFT_OBJC_BRIDGING_HEADER = "Cattac/Cattac-Bridging-Header.h";
				SWIFT_OPTIMIZATION_LEVEL = "-Onone";
				TARGETED_DEVICE_FAMILY = 2;
			};
			name = Debug;
		};
		342585021AACDB03004A3CFD /* Release */ = {
			isa = XCBuildConfiguration;
			buildSettings = {
				ASSETCATALOG_COMPILER_APPICON_NAME = AppIcon;
				CLANG_ENABLE_MODULES = YES;
				FRAMEWORK_SEARCH_PATHS = (
					"$(inherited)",
					/Users/yapjunhao/Downloads,
					"$(PROJECT_DIR)",
				);
				INFOPLIST_FILE = Cattac/Info.plist;
				LD_RUNPATH_SEARCH_PATHS = "$(inherited) @executable_path/Frameworks";
				OTHER_LDFLAGS = "-ObjC";
				PRODUCT_NAME = "$(TARGET_NAME)";
				SWIFT_OBJC_BRIDGING_HEADER = "Cattac/Cattac-Bridging-Header.h";
				TARGETED_DEVICE_FAMILY = 2;
			};
			name = Release;
		};
		342585041AACDB03004A3CFD /* Debug */ = {
			isa = XCBuildConfiguration;
			buildSettings = {
				BUNDLE_LOADER = "$(TEST_HOST)";
				FRAMEWORK_SEARCH_PATHS = (
					"$(SDKROOT)/Developer/Library/Frameworks",
					"$(inherited)",
				);
				GCC_PREPROCESSOR_DEFINITIONS = (
					"DEBUG=1",
					"$(inherited)",
				);
				INFOPLIST_FILE = CattacTests/Info.plist;
				LD_RUNPATH_SEARCH_PATHS = "$(inherited) @executable_path/Frameworks @loader_path/Frameworks";
				PRODUCT_NAME = "$(TARGET_NAME)";
				TEST_HOST = "$(BUILT_PRODUCTS_DIR)/Cattac.app/Cattac";
			};
			name = Debug;
		};
		342585051AACDB03004A3CFD /* Release */ = {
			isa = XCBuildConfiguration;
			buildSettings = {
				BUNDLE_LOADER = "$(TEST_HOST)";
				FRAMEWORK_SEARCH_PATHS = (
					"$(SDKROOT)/Developer/Library/Frameworks",
					"$(inherited)",
				);
				INFOPLIST_FILE = CattacTests/Info.plist;
				LD_RUNPATH_SEARCH_PATHS = "$(inherited) @executable_path/Frameworks @loader_path/Frameworks";
				PRODUCT_NAME = "$(TARGET_NAME)";
				TEST_HOST = "$(BUILT_PRODUCTS_DIR)/Cattac.app/Cattac";
			};
			name = Release;
		};
/* End XCBuildConfiguration section */

/* Begin XCConfigurationList section */
		342584D81AACDB02004A3CFD /* Build configuration list for PBXProject "Cattac" */ = {
			isa = XCConfigurationList;
			buildConfigurations = (
				342584FE1AACDB03004A3CFD /* Debug */,
				342584FF1AACDB03004A3CFD /* Release */,
			);
			defaultConfigurationIsVisible = 0;
			defaultConfigurationName = Release;
		};
		342585001AACDB03004A3CFD /* Build configuration list for PBXNativeTarget "Cattac" */ = {
			isa = XCConfigurationList;
			buildConfigurations = (
				342585011AACDB03004A3CFD /* Debug */,
				342585021AACDB03004A3CFD /* Release */,
			);
			defaultConfigurationIsVisible = 0;
			defaultConfigurationName = Release;
		};
		342585031AACDB03004A3CFD /* Build configuration list for PBXNativeTarget "CattacTests" */ = {
			isa = XCConfigurationList;
			buildConfigurations = (
				342585041AACDB03004A3CFD /* Debug */,
				342585051AACDB03004A3CFD /* Release */,
			);
			defaultConfigurationIsVisible = 0;
			defaultConfigurationName = Release;
		};
/* End XCConfigurationList section */
	};
	rootObject = 342584D51AACDB02004A3CFD /* Project object */;
}
